
Microsoft Visual Studio Solution File, Format Version 12.00
# Visual Studio Version 17
VisualStudioVersion = 17.11.35222.181
MinimumVisualStudioVersion = 10.0.40219.1
Project("{FAE04EC0-301F-11D3-BF4B-00C04F79EFBC}") = "WEB-Academia_Sistemas", "WEB-Academia_Sistemas\WEB-Academia_Sistemas.csproj", "{A9F67C7C-6D4E-4753-BF77-92B01A84456E}"
EndProject
Global
	GlobalSection(SolutionConfigurationPlatforms) = preSolution
		Debug|Any CPU = Debug|Any CPU
		Release|Any CPU = Release|Any CPU
	EndGlobalSection
	GlobalSection(ProjectConfigurationPlatforms) = postSolution
		{A9F67C7C-6D4E-4753-BF77-92B01A84456E}.Debug|Any CPU.ActiveCfg = Debug|Any CPU
		{A9F67C7C-6D4E-4753-BF77-92B01A84456E}.Debug|Any CPU.Build.0 = Debug|Any CPU
		{A9F67C7C-6D4E-4753-BF77-92B01A84456E}.Release|Any CPU.ActiveCfg = Release|Any CPU
		{A9F67C7C-6D4E-4753-BF77-92B01A84456E}.Release|Any CPU.Build.0 = Release|Any CPU
	EndGlobalSection
	GlobalSection(SolutionProperties) = preSolution
		HideSolutionNode = FALSE
	EndGlobalSection
	GlobalSection(ExtensibilityGlobals) = postSolution
		SolutionGuid = {F831C86F-3B9C-43AA-BF2E-624715CC5E36}
	EndGlobalSection
EndGlobal
